// !$*UTF8*$!
{ archiveVersion = 1; classes = {}; objectVersion = 56; objects = {
85DE9707B2BB313EA5BD7BB4 = { isa = PBXFileReference; lastKnownFileType = sourcecode.swift; path = "Sources/AppleHomeView.swift"; sourceTree = "<group>"; };
921419179C2BFEF329AE73BF = { isa = PBXBuildFile; fileRef = 85DE9707B2BB313EA5BD7BB4; };
F9CA1F0FE9C45B8BB5F29703 = { isa = PBXFileReference; lastKnownFileType = sourcecode.swift; path = "Sources/CloudSession.swift"; sourceTree = "<group>"; };
EA8BC175E6112531C1F17B08 = { isa = PBXBuildFile; fileRef = F9CA1F0FE9C45B8BB5F29703; };
FC67B7F0ABE1588655C09F64 = { isa = PBXFileReference; lastKnownFileType = sourcecode.swift; path = "Sources/HomeKitStore.swift"; sourceTree = "<group>"; };
6E1C68469FC38F4A4DCB6AE3 = { isa = PBXBuildFile; fileRef = FC67B7F0ABE1588655C09F64; };
935CAD3CD327C81358B5B73C = { isa = PBXFileReference; lastKnownFileType = sourcecode.swift; path = "Sources/HomeModels.swift"; sourceTree = "<group>"; };
7E2BD474F1A46D27B807868E = { isa = PBXBuildFile; fileRef = 935CAD3CD327C81358B5B73C; };
D803F96F67FC20524BED1FC6 = { isa = PBXFileReference; lastKnownFileType = sourcecode.swift; path = "Sources/JarvisCompanionApp.swift"; sourceTree = "<group>"; };
90B873E13FABAA341E3A06C7 = { isa = PBXBuildFile; fileRef = D803F96F67FC20524BED1FC6; };
36FD1212360CCF6D5E9FDA1F = { isa = PBXFileReference; lastKnownFileType = sourcecode.swift; path = "Sources/LocalActionBridge.swift"; sourceTree = "<group>"; };
D50095BFB914446CD433D4D6 = { isa = PBXBuildFile; fileRef = 36FD1212360CCF6D5E9FDA1F; };
65A612575CCC4A8628423026 = { isa = PBXFileReference; lastKnownFileType = sourcecode.swift; path = "Sources/LocalActionPolicy.swift"; sourceTree = "<group>"; };
C682F0D2E2E820E649D19CE1 = { isa = PBXBuildFile; fileRef = 65A612575CCC4A8628423026; };
6877116D0AF565833803A772 = { isa = PBXFileReference; lastKnownFileType = sourcecode.swift; path = "Sources/SanitizedAuditClient.swift"; sourceTree = "<group>"; };
13D536F813505D34F03A3F07 = { isa = PBXBuildFile; fileRef = 6877116D0AF565833803A772; };
C12454F4B664B653B38847BA = { isa = PBXFileReference; lastKnownFileType = sourcecode.swift; path = "Tests/HomeKitProviderTests.swift"; sourceTree = "<group>"; };
B4F271E5839F2D6EF19C3306 = { isa = PBXBuildFile; fileRef = C12454F4B664B653B38847BA; };
A172CEDCAE47474B615C54D5 = { isa = PBXFileReference; explicitFileType = wrapper.application; path = JarvisCompanion.app; sourceTree = BUILT_PRODUCTS_DIR; };
9F86D081884C7D659A2FEAA0 = { isa = PBXFileReference; explicitFileType = wrapper.cfbundle; path = JarvisCompanionTests.xctest; sourceTree = BUILT_PRODUCTS_DIR; };
0A3E27B8CA818264D75C8D81 = { isa = PBXGroup; children = (A172CEDCAE47474B615C54D5,9F86D081884C7D659A2FEAA0); name = Products; sourceTree = "<group>"; };
AD936FCBED631FA67E05C3EA = { isa = PBXGroup; children = (85DE9707B2BB313EA5BD7BB4,F9CA1F0FE9C45B8BB5F29703,FC67B7F0ABE1588655C09F64,935CAD3CD327C81358B5B73C,D803F96F67FC20524BED1FC6,36FD1212360CCF6D5E9FDA1F,65A612575CCC4A8628423026,6877116D0AF565833803A772,C12454F4B664B653B38847BA,0A3E27B8CA818264D75C8D81); sourceTree = "<group>"; };
878A52FC5FF6A57D50B7B870 = { isa = PBXSourcesBuildPhase; buildActionMask = 2147483647; files = (921419179C2BFEF329AE73BF,EA8BC175E6112531C1F17B08,6E1C68469FC38F4A4DCB6AE3,7E2BD474F1A46D27B807868E,90B873E13FABAA341E3A06C7,D50095BFB914446CD433D4D6,C682F0D2E2E820E649D19CE1,13D536F813505D34F03A3F07); runOnlyForDeploymentPostprocessing = 0; };
59830EBC3A4184110566BF1A = { isa = PBXSourcesBuildPhase; buildActionMask = 2147483647; files = (B4F271E5839F2D6EF19C3306); runOnlyForDeploymentPostprocessing = 0; };
E2AA269EB967A8853A258BFA = { isa = PBXFrameworksBuildPhase; buildActionMask = 2147483647; files = (); runOnlyForDeploymentPostprocessing = 0; };
497639E2F38DB3F946CE62A2 = { isa = PBXFrameworksBuildPhase; buildActionMask = 2147483647; files = (); runOnlyForDeploymentPostprocessing = 0; };
41D311A605520FC7B8B9A980 = { isa = PBXResourcesBuildPhase; buildActionMask = 2147483647; files = (); runOnlyForDeploymentPostprocessing = 0; };
14F0309E5479D955E2A2D11E = { isa = PBXResourcesBuildPhase; buildActionMask = 2147483647; files = (); runOnlyForDeploymentPostprocessing = 0; };
73EBF6644258C120893E685D = { isa = XCBuildConfiguration; name = Debug; buildSettings = { SWIFT_VERSION = 5.0; IPHONEOS_DEPLOYMENT_TARGET = 17.0; SDKROOT = iphoneos; CLANG_ENABLE_MODULES = YES; SWIFT_OPTIMIZATION_LEVEL = "-Onone"; DEBUG_INFORMATION_FORMAT = dwarf; ENABLE_TESTABILITY = YES;  }; };
0B0C687DF8B6B8DC790B519C = { isa = XCBuildConfiguration; name = Release; buildSettings = { SWIFT_VERSION = 5.0; IPHONEOS_DEPLOYMENT_TARGET = 17.0; SDKROOT = iphoneos; CLANG_ENABLE_MODULES = YES; SWIFT_OPTIMIZATION_LEVEL = "-O"; DEBUG_INFORMATION_FORMAT = "dwarf-with-dsym";  }; };
76F8DEC3DFE0BDB465198890 = { isa = XCConfigurationList; buildConfigurations = (73EBF6644258C120893E685D,0B0C687DF8B6B8DC790B519C); defaultConfigurationIsVisible = 0; defaultConfigurationName = Release; };
7F5CC141A0D79EEA86C05EAD = { isa = XCBuildConfiguration; name = Debug; buildSettings = { SWIFT_VERSION = 5.0; IPHONEOS_DEPLOYMENT_TARGET = 17.0; SDKROOT = iphoneos; CLANG_ENABLE_MODULES = YES; CODE_SIGN_STYLE = Automatic; TARGETED_DEVICE_FAMILY = "1,2"; PRODUCT_NAME = "$(TARGET_NAME)"; PRODUCT_BUNDLE_IDENTIFIER = com.jarvisassistant.Companion; INFOPLIST_FILE = Info.plist; CODE_SIGN_ENTITLEMENTS = JarvisCompanion.entitlements; GENERATE_INFOPLIST_FILE = NO; SWIFT_OPTIMIZATION_LEVEL = "-Onone"; DEBUG_INFORMATION_FORMAT = dwarf; ENABLE_TESTABILITY = YES;  }; };
1FFD3F566591FFA79437EAD0 = { isa = XCBuildConfiguration; name = Release; buildSettings = { SWIFT_VERSION = 5.0; IPHONEOS_DEPLOYMENT_TARGET = 17.0; SDKROOT = iphoneos; CLANG_ENABLE_MODULES = YES; CODE_SIGN_STYLE = Automatic; TARGETED_DEVICE_FAMILY = "1,2"; PRODUCT_NAME = "$(TARGET_NAME)"; PRODUCT_BUNDLE_IDENTIFIER = com.jarvisassistant.Companion; INFOPLIST_FILE = Info.plist; CODE_SIGN_ENTITLEMENTS = JarvisCompanion.entitlements; GENERATE_INFOPLIST_FILE = NO; SWIFT_OPTIMIZATION_LEVEL = "-O"; DEBUG_INFORMATION_FORMAT = "dwarf-with-dsym";  }; };
4C67306633B2523180A09668 = { isa = XCConfigurationList; buildConfigurations = (7F5CC141A0D79EEA86C05EAD,1FFD3F566591FFA79437EAD0); defaultConfigurationIsVisible = 0; defaultConfigurationName = Release; };
06447CFE7C9EC0DF95758D28 = { isa = XCBuildConfiguration; name = Debug; buildSettings = { SWIFT_VERSION = 5.0; IPHONEOS_DEPLOYMENT_TARGET = 17.0; SDKROOT = iphoneos; CLANG_ENABLE_MODULES = YES; CODE_SIGN_STYLE = Automatic; TARGETED_DEVICE_FAMILY = "1,2"; PRODUCT_NAME = "$(TARGET_NAME)"; PRODUCT_BUNDLE_IDENTIFIER = com.jarvisassistant.CompanionTests; GENERATE_INFOPLIST_FILE = YES; TEST_HOST = "$(BUILT_PRODUCTS_DIR)/JarvisCompanion.app/JarvisCompanion"; BUNDLE_LOADER = "$(TEST_HOST)"; SWIFT_OPTIMIZATION_LEVEL = "-Onone"; DEBUG_INFORMATION_FORMAT = dwarf; ENABLE_TESTABILITY = YES;  }; };
C7B5381B563420DB10153B50 = { isa = XCBuildConfiguration; name = Release; buildSettings = { SWIFT_VERSION = 5.0; IPHONEOS_DEPLOYMENT_TARGET = 17.0; SDKROOT = iphoneos; CLANG_ENABLE_MODULES = YES; CODE_SIGN_STYLE = Automatic; TARGETED_DEVICE_FAMILY = "1,2"; PRODUCT_NAME = "$(TARGET_NAME)"; PRODUCT_BUNDLE_IDENTIFIER = com.jarvisassistant.CompanionTests; GENERATE_INFOPLIST_FILE = YES; TEST_HOST = "$(BUILT_PRODUCTS_DIR)/JarvisCompanion.app/JarvisCompanion"; BUNDLE_LOADER = "$(TEST_HOST)"; SWIFT_OPTIMIZATION_LEVEL = "-O"; DEBUG_INFORMATION_FORMAT = "dwarf-with-dsym";  }; };
BBEDBF436691A6FB4ED18E1D = { isa = XCConfigurationList; buildConfigurations = (06447CFE7C9EC0DF95758D28,C7B5381B563420DB10153B50); defaultConfigurationIsVisible = 0; defaultConfigurationName = Release; };
1241936D4DD3AAD68FE7BFBD = { isa = PBXContainerItemProxy; containerPortal = F940D862705F6CD0C20E8C92; proxyType = 1; remoteGlobalIDString = 3EB65B2AE741E9C82E2DBF09; remoteInfo = JarvisCompanion; };
F26350DAFE3F19AABFD69AC4 = { isa = PBXTargetDependency; target = 3EB65B2AE741E9C82E2DBF09; targetProxy = 1241936D4DD3AAD68FE7BFBD; };
3EB65B2AE741E9C82E2DBF09 = { isa = PBXNativeTarget; name = JarvisCompanion; productName = JarvisCompanion; productReference = A172CEDCAE47474B615C54D5; productType = "com.apple.product-type.application"; buildConfigurationList = 4C67306633B2523180A09668; buildPhases = (878A52FC5FF6A57D50B7B870,E2AA269EB967A8853A258BFA,41D311A605520FC7B8B9A980); buildRules = (); dependencies = (); };
4A0A29027758F85116720767 = { isa = PBXNativeTarget; name = JarvisCompanionTests; productName = JarvisCompanionTests; productReference = 9F86D081884C7D659A2FEAA0; productType = "com.apple.product-type.bundle.unit-test"; buildConfigurationList = BBEDBF436691A6FB4ED18E1D; buildPhases = (59830EBC3A4184110566BF1A,497639E2F38DB3F946CE62A2,14F0309E5479D955E2A2D11E); buildRules = (); dependencies = (F26350DAFE3F19AABFD69AC4); };
F940D862705F6CD0C20E8C92 = { isa = PBXProject; attributes = { LastUpgradeCheck = 1600; TargetAttributes = { 3EB65B2AE741E9C82E2DBF09 = { SystemCapabilities = { com.apple.HomeKit = { enabled = 1; }; }; }; }; }; buildConfigurationList = 76F8DEC3DFE0BDB465198890; compatibilityVersion = "Xcode 14.0"; developmentRegion = en; knownRegions = (en,Base); mainGroup = AD936FCBED631FA67E05C3EA; productRefGroup = 0A3E27B8CA818264D75C8D81; projectDirPath = ""; projectRoot = ""; targets = (3EB65B2AE741E9C82E2DBF09,4A0A29027758F85116720767); };
}; rootObject = F940D862705F6CD0C20E8C92; }
